{
  "name": "rimbu-sandbox",
  "version": "1.0.0",
  "lockfileVersion": 3,
  "requires": true,
  "packages": {
    "": {
      "name": "rimbu-sandbox",
      "version": "1.0.0",
      "dependencies": {
        "@rimbu/core": "^1.0.0",
        "@rimbu/typical": "^0.6.0"
      },
      "devDependencies": {
        "typescript": "4.6.2"
      }
    },
    "node_modules/@rimbu/base": {
      "version": "1.0.0",
      "resolved": "https://registry.npmjs.org/@rimbu/base/-/base-1.0.0.tgz",
      "integrity": "sha512-8oKAdUkH1ClchEG4oyhCZtyBY6XtsoT5o8jmh/GhPFmjBRZxKyGCj4+6BfJ0FyXa+yuYtTvZpH81F+IRz+NaaQ==",
      "funding": [
        {
          "type": "individual",
          "url": "https://github.com/sponsors/vitoke"
        }
      ],
      "dependencies": {
        "@rimbu/common": "^1.0.0",
        "tslib": "^2.5.3"
      }
    },
    "node_modules/@rimbu/bimap": {
      "version": "1.0.0",
      "resolved": "https://registry.npmjs.org/@rimbu/bimap/-/bimap-1.0.0.tgz",
      "integrity": "sha512-/D5WHwoI648QTTdgeHxGdy+URY+o+oFSXe2poaoxMOj1gPNkeYUJow86G+rrpcjMVM5tV2iDIeLVtfDMTVzRtA==",
      "funding": [
        {
          "type": "individual",
          "url": "https://github.com/sponsors/vitoke"
        }
      ],
      "dependencies": {
        "@rimbu/base": "^1.0.0",
        "@rimbu/collection-types": "^1.0.0",
        "@rimbu/common": "^1.0.0",
        "@rimbu/hashed": "^1.0.0",
        "@rimbu/stream": "^1.0.0",
        "tslib": "^2.5.3"
      }
    },
    "node_modules/@rimbu/bimultimap": {
      "version": "1.0.0",
      "resolved": "https://registry.npmjs.org/@rimbu/bimultimap/-/bimultimap-1.0.0.tgz",
      "integrity": "sha512-24vbiHL+4Q9c6OBp1Z+nqEmvmD1g+FSK5xTBZa+Qna4nLMYoI9o+E2pO31baJ1gurVvPMHgSTh3LqcxymBQq7w==",
      "funding": [
        {
          "type": "individual",
          "url": "https://github.com/sponsors/vitoke"
        }
      ],
      "dependencies": {
        "@rimbu/base": "^1.0.0",
        "@rimbu/collection-types": "^1.0.0",
        "@rimbu/common": "^1.0.0",
        "@rimbu/hashed": "^1.0.0",
        "@rimbu/multimap": "^1.0.0",
        "@rimbu/sorted": "^1.0.0",
        "@rimbu/stream": "^1.0.0",
        "tslib": "^2.5.3"
      }
    },
    "node_modules/@rimbu/collection-types": {
      "version": "1.0.0",
      "resolved": "https://registry.npmjs.org/@rimbu/collection-types/-/collection-types-1.0.0.tgz",
      "integrity": "sha512-IqBwBEoabA5aZOYJJkGv+K8V9dWmXGBV5KlUPdg289T549Pes/A1VypkW/VZqoYi1O+aW1gF+GE+5muq5/PK0g==",
      "funding": [
        {
          "type": "individual",
          "url": "https://github.com/sponsors/vitoke"
        }
      ],
      "dependencies": {
        "@rimbu/base": "^1.0.0",
        "@rimbu/common": "^1.0.0",
        "@rimbu/stream": "^1.0.0",
        "tslib": "^2.5.3"
      }
    },
    "node_modules/@rimbu/common": {
      "version": "1.0.0",
      "resolved": "https://registry.npmjs.org/@rimbu/common/-/common-1.0.0.tgz",
      "integrity": "sha512-/2df7FDSN8x5Eh1RxK+u7k5Si7bJHKNWpbzoePCfXgz629DMDCioJWNF7XFbFSnhKSLnmIzfnme0E/Av01MRGA==",
      "funding": [
        {
          "type": "individual",
          "url": "https://github.com/sponsors/vitoke"
        }
      ],
      "dependencies": {
        "tslib": "^2.5.3"
      }
    },
    "node_modules/@rimbu/core": {
      "version": "1.0.0",
      "resolved": "https://registry.npmjs.org/@rimbu/core/-/core-1.0.0.tgz",
      "integrity": "sha512-0ZamJVj0cUxwRJZHa0wHLjnRi33TlQelAqQ+scZ77yVJggBa4rXPT31mzYeCcqFaWbvVXaX5lsakrTZtug9n3A==",
      "funding": [
        {
          "type": "individual",
          "url": "https://github.com/sponsors/vitoke"
        }
      ],
      "dependencies": {
        "@rimbu/bimap": "^1.0.0",
        "@rimbu/bimultimap": "^1.0.0",
        "@rimbu/collection-types": "^1.0.0",
        "@rimbu/common": "^1.0.0",
        "@rimbu/deep": "^1.0.0",
        "@rimbu/graph": "^1.0.0",
        "@rimbu/hashed": "^1.0.0",
        "@rimbu/list": "^1.0.0",
        "@rimbu/multimap": "^1.0.0",
        "@rimbu/multiset": "^1.0.0",
        "@rimbu/ordered": "^1.0.0",
        "@rimbu/proximity": "^1.0.0",
        "@rimbu/sorted": "^1.0.0",
        "@rimbu/stream": "^1.0.0",
        "@rimbu/table": "^1.0.0",
        "tslib": "^2.5.3"
      }
    },
    "node_modules/@rimbu/deep": {
      "version": "1.0.0",
      "resolved": "https://registry.npmjs.org/@rimbu/deep/-/deep-1.0.0.tgz",
      "integrity": "sha512-b3RkmJ5ZPEQbL4rdw7M41WQn7idgDncM9llWowl/G6QDFuHKkLJzHz+wrjHHDa9TLU3OXYYSpZ6gVMo357z30w==",
      "funding": [
        {
          "type": "individual",
          "url": "https://github.com/sponsors/vitoke"
        }
      ],
      "dependencies": {
        "@rimbu/base": "^1.0.0",
        "@rimbu/common": "^1.0.0",
        "tslib": "^2.5.3"
      }
    },
    "node_modules/@rimbu/graph": {
      "version": "1.0.0",
      "resolved": "https://registry.npmjs.org/@rimbu/graph/-/graph-1.0.0.tgz",
      "integrity": "sha512-pqhX6KxIB+a+VQfhxo1GbXkODSlS6B/BIzUQpNH1TFZXr+yhzlkKFjziUH+CAJMC9acnTNxXqoSPtVgsqhhNWQ==",
      "funding": [
        {
          "type": "individual",
          "url": "https://github.com/sponsors/vitoke"
        }
      ],
      "dependencies": {
        "@rimbu/base": "^1.0.0",
        "@rimbu/collection-types": "^1.0.0",
        "@rimbu/common": "^1.0.0",
        "@rimbu/hashed": "^1.0.0",
        "@rimbu/sorted": "^1.0.0",
        "@rimbu/stream": "^1.0.0",
        "tslib": "^2.5.3"
      }
    },
    "node_modules/@rimbu/hashed": {
      "version": "1.0.0",
      "resolved": "https://registry.npmjs.org/@rimbu/hashed/-/hashed-1.0.0.tgz",
      "integrity": "sha512-fX1Vfk9goWHFsO007utdu3qDRb0x6E8NsRJZxuJdbF0bN+otzoRBF9r3Vue3On9dq8iVRvLnkIxRsyv2+ETHLw==",
      "funding": [
        {
          "type": "individual",
          "url": "https://github.com/sponsors/vitoke"
        }
      ],
      "dependencies": {
        "@rimbu/base": "^1.0.0",
        "@rimbu/collection-types": "^1.0.0",
        "@rimbu/common": "^1.0.0",
        "@rimbu/list": "^1.0.0",
        "@rimbu/stream": "^1.0.0",
        "tslib": "^2.5.3"
      }
    },
    "node_modules/@rimbu/list": {
      "version": "1.0.0",
      "resolved": "https://registry.npmjs.org/@rimbu/list/-/list-1.0.0.tgz",
      "integrity": "sha512-MDf+E2YFIHUUpNDKoDe2IAwbYMdI22oIPKoleqPLBc5S+ttnosi+uEH6bJ3tAxFwIaEzPRXw1EyxD7/mD8ezAg==",
      "funding": [
        {
          "type": "individual",
          "url": "https://github.com/sponsors/vitoke"
        }
      ],
      "dependencies": {
        "@rimbu/base": "^1.0.0",
        "@rimbu/collection-types": "^1.0.0",
        "@rimbu/common": "^1.0.0",
        "@rimbu/stream": "^1.0.0",
        "tslib": "^2.5.3"
      }
    },
    "node_modules/@rimbu/multimap": {
      "version": "1.0.0",
      "resolved": "https://registry.npmjs.org/@rimbu/multimap/-/multimap-1.0.0.tgz",
      "integrity": "sha512-jJ/6F/ryFFmev8OQo4LLnHrWH/WyaPozag1+d6lmBu1Aau0GnWhFB5MgQSsmLq/eqgekq82yokt8yGw03zNmzw==",
      "funding": [
        {
          "type": "individual",
          "url": "https://github.com/sponsors/vitoke"
        }
      ],
      "dependencies": {
        "@rimbu/base": "^1.0.0",
        "@rimbu/collection-types": "^1.0.0",
        "@rimbu/common": "^1.0.0",
        "@rimbu/hashed": "^1.0.0",
        "@rimbu/sorted": "^1.0.0",
        "@rimbu/stream": "^1.0.0",
        "tslib": "^2.5.3"
      }
    },
    "node_modules/@rimbu/multiset": {
      "version": "1.0.0",
      "resolved": "https://registry.npmjs.org/@rimbu/multiset/-/multiset-1.0.0.tgz",
      "integrity": "sha512-XdvFhwElYLX2Er/wGqiJAxVQOFS7H9RppE84y3idXMC6ot0JD0cCiUbP7uNUMZ9D9CDjE7lftxuyyXSu1cj+oA==",
      "funding": [
        {
          "type": "individual",
          "url": "https://github.com/sponsors/vitoke"
        }
      ],
      "dependencies": {
        "@rimbu/base": "^1.0.0",
        "@rimbu/collection-types": "^1.0.0",
        "@rimbu/common": "^1.0.0",
        "@rimbu/hashed": "^1.0.0",
        "@rimbu/sorted": "^1.0.0",
        "@rimbu/stream": "^1.0.0",
        "tslib": "^2.5.3"
      }
    },
    "node_modules/@rimbu/ordered": {
      "version": "1.0.0",
      "resolved": "https://registry.npmjs.org/@rimbu/ordered/-/ordered-1.0.0.tgz",
      "integrity": "sha512-Pj3MG9Z+RZQAgd+0sjo6o7HXiWE1Pupr56i5guPs2kl8JYrT/kE9HKbYoT7Tdyex2zkncbBjmXNUvfJK9soqjw==",
      "funding": [
        {
          "type": "individual",
          "url": "https://github.com/sponsors/vitoke"
        }
      ],
      "dependencies": {
        "@rimbu/base": "^1.0.0",
        "@rimbu/collection-types": "^1.0.0",
        "@rimbu/common": "^1.0.0",
        "@rimbu/hashed": "^1.0.0",
        "@rimbu/list": "^1.0.0",
        "@rimbu/sorted": "^1.0.0",
        "@rimbu/stream": "^1.0.0",
        "tslib": "^2.5.3"
      }
    },
    "node_modules/@rimbu/proximity": {
      "version": "1.0.0",
      "resolved": "https://registry.npmjs.org/@rimbu/proximity/-/proximity-1.0.0.tgz",
      "integrity": "sha512-jfjn2u//XrO4/imCsenXzKRcbxmW0XRI/2khfze0v+yxi5/Od+bX0ib3sYd+Nv3xPTxaRTVU2QtRZ8EJRKh80w==",
      "funding": [
        {
          "type": "individual",
          "url": "https://github.com/sponsors/vitoke"
        }
      ],
      "dependencies": {
        "@rimbu/base": "^1.0.0",
        "@rimbu/collection-types": "^1.0.0",
        "@rimbu/common": "^1.0.0",
        "@rimbu/hashed": "^1.0.0",
        "@rimbu/stream": "^1.0.0",
        "tslib": "^2.5.3"
      }
    },
    "node_modules/@rimbu/sorted": {
      "version": "1.0.0",
      "resolved": "https://registry.npmjs.org/@rimbu/sorted/-/sorted-1.0.0.tgz",
      "integrity": "sha512-bbeDzEROkyhrdMuXuSj2mITYE0d58fGlgqHyslYPMIcjCo3Tfsb2c2/W/h+dw+8nTfY4ddDzxpHFEsYC7O5MYQ==",
      "funding": [
        {
          "type": "individual",
          "url": "https://github.com/sponsors/vitoke"
        }
      ],
      "dependencies": {
        "@rimbu/base": "^1.0.0",
        "@rimbu/collection-types": "^1.0.0",
        "@rimbu/common": "^1.0.0",
        "@rimbu/stream": "^1.0.0",
        "tslib": "^2.5.3"
      }
    },
    "node_modules/@rimbu/stream": {
      "version": "1.0.0",
      "resolved": "https://registry.npmjs.org/@rimbu/stream/-/stream-1.0.0.tgz",
      "integrity": "sha512-o4Oh6I/E7V7z+H8l+T2luxoQET21OOB3vkhtYbhSIANNDdB2RfodoJFet28HEgwgpr30vAYlA56XbvmL45jkDA==",
      "funding": [
        {
          "type": "individual",
          "url": "https://github.com/sponsors/vitoke"
        }
      ],
      "dependencies": {
        "@rimbu/base": "^1.0.0",
        "@rimbu/common": "^1.0.0",
        "tslib": "^2.5.3"
      }
    },
    "node_modules/@rimbu/table": {
      "version": "1.0.0",
      "resolved": "https://registry.npmjs.org/@rimbu/table/-/table-1.0.0.tgz",
      "integrity": "sha512-ZDZreFs133FOJrjyJkxoDMfLjZ1Uta7nPixTTY5X2MGyJXDQxTKUHnUJhPCAazRAiOc2p0oG8+cXdmXW/Cow2A==",
      "funding": [
        {
          "type": "individual",
          "url": "https://github.com/sponsors/vitoke"
        }
      ],
      "dependencies": {
        "@rimbu/base": "^1.0.0",
        "@rimbu/collection-types": "^1.0.0",
        "@rimbu/common": "^1.0.0",
        "@rimbu/hashed": "^1.0.0",
        "@rimbu/sorted": "^1.0.0",
        "@rimbu/stream": "^1.0.0",
        "tslib": "^2.5.3"
      }
    },
    "node_modules/@rimbu/typical": {
      "version": "0.6.0",
      "resolved": "https://registry.npmjs.org/@rimbu/typical/-/typical-0.6.0.tgz",
      "integrity": "sha512-tBAkYbdg3fdnTM1vrceq3ZNHG6ym/nm2jniibfBmC/xd7XxPGhMRVK2PacAfAwJWJH80JNCbKpNpCjMMnARnPA==",
      "funding": [
        {
          "type": "individual",
          "url": "https://github.com/sponsors/vitoke"
        }
      ],
      "dependencies": {
        "tslib": "^2.5.3"
      }
    },
    "node_modules/tslib": {
      "version": "2.6.0",
      "resolved": "https://registry.npmjs.org/tslib/-/tslib-2.6.0.tgz",
      "integrity": "sha512-7At1WUettjcSRHXCyYtTselblcHl9PJFFVKiCAy/bY97+BPZXSQ2wbq0P9s8tK2G7dFQfNnlJnPAiArVBVBsfA=="
    },
    "node_modules/typescript": {
      "version": "4.6.2",
      "resolved": "https://registry.npmjs.org/typescript/-/typescript-4.6.2.tgz",
      "integrity": "sha512-HM/hFigTBHZhLXshn9sN37H085+hQGeJHJ/X7LpBWLID/fbc2acUMfU+lGD98X81sKP+pFa9f0DZmCwB9GnbAg==",
      "dev": true,
      "bin": {
        "tsc": "bin/tsc",
        "tsserver": "bin/tsserver"
      },
      "engines": {
        "node": ">=4.2.0"
      }
    }
  }
}
